
Microsoft Visual Studio Solution File, Format Version 12.00
# Visual Studio Version 16
VisualStudioVersion = 16.0.30104.148
MinimumVisualStudioVersion = 10.0.40219.1
Project("{FAE04EC0-301F-11D3-BF4B-00C04F79EFBC}") = "Appdegerenciamentofuncionários", "Appdegerenciamentofuncionários.csproj", "{391025DC-25C9-4EE0-A9AF-0C6F3DF65F29}"
EndProject
Global
	GlobalSection(SolutionConfigurationPlatforms) = preSolution
		Debug|Any CPU = Debug|Any CPU
		Release|Any CPU = Release|Any CPU
	EndGlobalSection
	GlobalSection(ProjectConfigurationPlatforms) = postSolution
		{391025DC-25C9-4EE0-A9AF-0C6F3DF65F29}.Debug|Any CPU.ActiveCfg = Debug|Any CPU
		{391025DC-25C9-4EE0-A9AF-0C6F3DF65F29}.Debug|Any CPU.Build.0 = Debug|Any CPU
		{391025DC-25C9-4EE0-A9AF-0C6F3DF65F29}.Release|Any CPU.ActiveCfg = Release|Any CPU
		{391025DC-25C9-4EE0-A9AF-0C6F3DF65F29}.Release|Any CPU.Build.0 = Release|Any CPU
	EndGlobalSection
	GlobalSection(SolutionProperties) = preSolution
		HideSolutionNode = FALSE
	EndGlobalSection
	GlobalSection(ExtensibilityGlobals) = postSolution
		SolutionGuid = {6124EB44-71C2-4694-85A6-88B484022E3A}
	EndGlobalSection
EndGlobal
